
Microsoft Visual Studio Solution File, Format Version 12.00
# Visual Studio Version 17
VisualStudioVersion = 17.10.35013.160
MinimumVisualStudioVersion = 10.0.40219.1
Project("{FAE04EC0-301F-11D3-BF4B-00C04F79EFBC}") = "FilterBuilderExample", "FilterBuilderExample.csproj", "{3AF6DE78-F56D-4481-9A71-D4C309AF360A}"
EndProject
Global
	GlobalSection(SolutionConfigurationPlatforms) = preSolution
		Debug|Any CPU = Debug|Any CPU
		Release|Any CPU = Release|Any CPU
	EndGlobalSection
	GlobalSection(ProjectConfigurationPlatforms) = postSolution
		{3AF6DE78-F56D-4481-9A71-D4C309AF360A}.Debug|Any CPU.ActiveCfg = Debug|Any CPU
		{3AF6DE78-F56D-4481-9A71-D4C309AF360A}.Debug|Any CPU.Build.0 = Debug|Any CPU
		{3AF6DE78-F56D-4481-9A71-D4C309AF360A}.Release|Any CPU.ActiveCfg = Release|Any CPU
		{3AF6DE78-F56D-4481-9A71-D4C309AF360A}.Release|Any CPU.Build.0 = Release|Any CPU
	EndGlobalSection
	GlobalSection(SolutionProperties) = preSolution
		HideSolutionNode = FALSE
	EndGlobalSection
	GlobalSection(ExtensibilityGlobals) = postSolution
		SolutionGuid = {AE768B63-3C1C-4EDD-A1C4-2837D5392AE9}
	EndGlobalSection
EndGlobal
